version = 1
revision = 3
requires-python = "==3.11.*"

[[package]]
name = "microsoftgraphmaildelegated"
version = "19.0"
source = { virtual = "." }
dependencies = [
    { name = "olefile" },
]

[package.metadata]
requires-dist = [{ name = "olefile", path = "../../../../../tip-marketplace/Integrations/MicrosoftGraphMailDelegated/Dependencies/olefile-0.47-py2.py3-none-any.whl" }]

[[package]]
name = "olefile"
version = "0.47"
source = { path = "../../../../../tip-marketplace/Integrations/MicrosoftGraphMailDelegated/Dependencies/olefile-0.47-py2.py3-none-any.whl" }
wheels = [
    { filename = "olefile-0.47-py2.py3-none-any.whl", hash = "sha256:543c7da2a7adadf21214938bb79c83ea12b473a4b6ee4ad4bf854e7715e13d1f" },
]

[package.metadata]
requires-dist = [
    { name = "pytest", marker = "extra == 'tests'" },
    { name = "pytest-cov", marker = "extra == 'tests'" },
]
provides-extras = ["tests"]
